// !$*UTF8*$!
{
	archiveVersion = 1;
	classes = {
	};
	objectVersion = 55;
	objects = {

/* Begin PBXBuildFile section */
		7F4DBA77286E8CF4002094B4 /* LocationModel.swift in Sources */ = {isa = PBXBuildFile; fileRef = 7F4DBA76286E8CF4002094B4 /* LocationModel.swift */; };
		7F4FC75F2863EAE400557346 /* StarSignAppApp.swift in Sources */ = {isa = PBXBuildFile; fileRef = 7F4FC75E2863EAE400557346 /* StarSignAppApp.swift */; };
		7F4FC7612863EAE400557346 /* ContentView.swift in Sources */ = {isa = PBXBuildFile; fileRef = 7F4FC7602863EAE400557346 /* ContentView.swift */; };
		7F4FC7632863EAE700557346 /* Assets.xcassets in Resources */ = {isa = PBXBuildFile; fileRef = 7F4FC7622863EAE700557346 /* Assets.xcassets */; };
		7F4FC7662863EAE700557346 /* Preview Assets.xcassets in Resources */ = {isa = PBXBuildFile; fileRef = 7F4FC7652863EAE700557346 /* Preview Assets.xcassets */; };
		7F4FC76D2863EC1500557346 /* HeadingViewModel.swift in Sources */ = {isa = PBXBuildFile; fileRef = 7F4FC76C2863EC1500557346 /* HeadingViewModel.swift */; };
		7F4FC7702863F14800557346 /* StarSignModel.swift in Sources */ = {isa = PBXBuildFile; fileRef = 7F4FC76F2863F14800557346 /* StarSignModel.swift */; };
		7F4FC7722863F6A900557346 /* APIService.swift in Sources */ = {isa = PBXBuildFile; fileRef = 7F4FC7712863F6A900557346 /* APIService.swift */; };
		7F4FC7742863FC3000557346 /* APIServiceError.swift in Sources */ = {isa = PBXBuildFile; fileRef = 7F4FC7732863FC3000557346 /* APIServiceError.swift */; };
		7F4FC7762863FC8E00557346 /* APIRequestType.swift in Sources */ = {isa = PBXBuildFile; fileRef = 7F4FC7752863FC8E00557346 /* APIRequestType.swift */; };
		7F4FC77828640C4E00557346 /* CompassView.swift in Sources */ = {isa = PBXBuildFile; fileRef = 7F4FC77728640C4E00557346 /* CompassView.swift */; };
		7F4FC77A28640CE300557346 /* SignListView.swift in Sources */ = {isa = PBXBuildFile; fileRef = 7F4FC77928640CE300557346 /* SignListView.swift */; };
		7F78D4AB28646EAF00C215F3 /* ViewModel.swift in Sources */ = {isa = PBXBuildFile; fileRef = 7F78D4AA28646EAF00C215F3 /* ViewModel.swift */; };
		7F7CE5C92865E99B009FFC22 /* CardView.swift in Sources */ = {isa = PBXBuildFile; fileRef = 7F7CE5C82865E99B009FFC22 /* CardView.swift */; };
/* End PBXBuildFile section */

/* Begin PBXFileReference section */
		7F4DBA76286E8CF4002094B4 /* LocationModel.swift */ = {isa = PBXFileReference; lastKnownFileType = sourcecode.swift; path = LocationModel.swift; sourceTree = "<group>"; };
		7F4FC75B2863EAE400557346 /* StarSignApp.app */ = {isa = PBXFileReference; explicitFileType = wrapper.application; includeInIndex = 0; path = StarSignApp.app; sourceTree = BUILT_PRODUCTS_DIR; };
		7F4FC75E2863EAE400557346 /* StarSignAppApp.swift */ = {isa = PBXFileReference; lastKnownFileType = sourcecode.swift; path = StarSignAppApp.swift; sourceTree = "<group>"; };
		7F4FC7602863EAE400557346 /* ContentView.swift */ = {isa = PBXFileReference; lastKnownFileType = sourcecode.swift; path = ContentView.swift; sourceTree = "<group>"; };
		7F4FC7622863EAE700557346 /* Assets.xcassets */ = {isa = PBXFileReference; lastKnownFileType = folder.assetcatalog; path = Assets.xcassets; sourceTree = "<group>"; };
		7F4FC7652863EAE700557346 /* Preview Assets.xcassets */ = {isa = PBXFileReference; lastKnownFileType = folder.assetcatalog; path = "Preview Assets.xcassets"; sourceTree = "<group>"; };
		7F4FC76C2863EC1500557346 /* HeadingViewModel.swift */ = {isa = PBXFileReference; lastKnownFileType = sourcecode.swift; path = HeadingViewModel.swift; sourceTree = "<group>"; };
		7F4FC76F2863F14800557346 /* StarSignModel.swift */ = {isa = PBXFileReference; lastKnownFileType = sourcecode.swift; path = StarSignModel.swift; sourceTree = "<group>"; };
		7F4FC7712863F6A900557346 /* APIService.swift */ = {isa = PBXFileReference; lastKnownFileType = sourcecode.swift; path = APIService.swift; sourceTree = "<group>"; };
		7F4FC7732863FC3000557346 /* APIServiceError.swift */ = {isa = PBXFileReference; lastKnownFileType = sourcecode.swift; path = APIServiceError.swift; sourceTree = "<group>"; };
		7F4FC7752863FC8E00557346 /* APIRequestType.swift */ = {isa = PBXFileReference; lastKnownFileType = sourcecode.swift; path = APIRequestType.swift; sourceTree = "<group>"; };
		7F4FC77728640C4E00557346 /* CompassView.swift */ = {isa = PBXFileReference; lastKnownFileType = sourcecode.swift; path = CompassView.swift; sourceTree = "<group>"; };
		7F4FC77928640CE300557346 /* SignListView.swift */ = {isa = PBXFileReference; lastKnownFileType = sourcecode.swift; path = SignListView.swift; sourceTree = "<group>"; };
		7F78D4AA28646EAF00C215F3 /* ViewModel.swift */ = {isa = PBXFileReference; lastKnownFileType = sourcecode.swift; path = ViewModel.swift; sourceTree = "<group>"; };
		7F7CE5C82865E99B009FFC22 /* CardView.swift */ = {isa = PBXFileReference; lastKnownFileType = sourcecode.swift; path = CardView.swift; sourceTree = "<group>"; };
/* End PBXFileReference section */

/* Begin PBXFrameworksBuildPhase section */
		7F4FC7582863EAE400557346 /* Frameworks */ = {
			isa = PBXFrameworksBuildPhase;
			buildActionMask = 2147483647;
			files = (
			);
			runOnlyForDeploymentPostprocessing = 0;
		};
/* End PBXFrameworksBuildPhase section */

/* Begin PBXGroup section */
		7F4FC7522863EAE400557346 = {
			isa = PBXGroup;
			children = (
				7F4FC75D2863EAE400557346 /* StarSignApp */,
				7F4FC75C2863EAE400557346 /* Products */,
			);
			sourceTree = "<group>";
		};
		7F4FC75C2863EAE400557346 /* Products */ = {
			isa = PBXGroup;
			children = (
				7F4FC75B2863EAE400557346 /* StarSignApp.app */,
			);
			name = Products;
			sourceTree = "<group>";
		};
		7F4FC75D2863EAE400557346 /* StarSignApp */ = {
			isa = PBXGroup;
			children = (
				7F4FC75E2863EAE400557346 /* StarSignAppApp.swift */,
				7F4FC7602863EAE400557346 /* ContentView.swift */,
				7F4FC77728640C4E00557346 /* CompassView.swift */,
				7F4FC77928640CE300557346 /* SignListView.swift */,
				7F7CE5C82865E99B009FFC22 /* CardView.swift */,
				7F78D4AA28646EAF00C215F3 /* ViewModel.swift */,
				7F4FC76C2863EC1500557346 /* HeadingViewModel.swift */,
				7F4FC76E2863F0FF00557346 /* Model */,
				7F4FC7622863EAE700557346 /* Assets.xcassets */,
				7F4FC7642863EAE700557346 /* Preview Content */,
			);
			path = StarSignApp;
			sourceTree = "<group>";
		};
		7F4FC7642863EAE700557346 /* Preview Content */ = {
			isa = PBXGroup;
			children = (
				7F4FC7652863EAE700557346 /* Preview Assets.xcassets */,
			);
			path = "Preview Content";
			sourceTree = "<group>";
		};
		7F4FC76E2863F0FF00557346 /* Model */ = {
			isa = PBXGroup;
			children = (
				7F4FC76F2863F14800557346 /* StarSignModel.swift */,
				7F4FC7712863F6A900557346 /* APIService.swift */,
				7F4FC7752863FC8E00557346 /* APIRequestType.swift */,
				7F4FC7732863FC3000557346 /* APIServiceError.swift */,
				7F4DBA76286E8CF4002094B4 /* LocationModel.swift */,
			);
			path = Model;
			sourceTree = "<group>";
		};
/* End PBXGroup section */

/* Begin PBXNativeTarget section */
		7F4FC75A2863EAE400557346 /* StarSignApp */ = {
			isa = PBXNativeTarget;
			buildConfigurationList = 7F4FC7692863EAE700557346 /* Build configuration list for PBXNativeTarget "StarSignApp" */;
			buildPhases = (
				7F4FC7572863EAE400557346 /* Sources */,
				7F4FC7582863EAE400557346 /* Frameworks */,
				7F4FC7592863EAE400557346 /* Resources */,
			);
			buildRules = (
			);
			dependencies = (
			);
			name = StarSignApp;
			productName = StarSignApp;
			productReference = 7F4FC75B2863EAE400557346 /* StarSignApp.app */;
			productType = "com.apple.product-type.application";
		};
/* End PBXNativeTarget section */

/* Begin PBXProject section */
		7F4FC7532863EAE400557346 /* Project object */ = {
			isa = PBXProject;
			attributes = {
				BuildIndependentTargetsInParallel = 1;
				LastSwiftUpdateCheck = 1300;
				LastUpgradeCheck = 1300;
				TargetAttributes = {
					7F4FC75A2863EAE400557346 = {
						CreatedOnToolsVersion = 13.0;
					};
				};
			};
			buildConfigurationList = 7F4FC7562863EAE400557346 /* Build configuration list for PBXProject "StarSignApp" */;
			compatibilityVersion = "Xcode 13.0";
			developmentRegion = en;
			hasScannedForEncodings = 0;
			knownRegions = (
				en,
				Base,
			);
			mainGroup = 7F4FC7522863EAE400557346;
			productRefGroup = 7F4FC75C2863EAE400557346 /* Products */;
			projectDirPath = "";
			projectRoot = "";
			targets = (
				7F4FC75A2863EAE400557346 /* StarSignApp */,
			);
		};
/* End PBXProject section */

/* Begin PBXResourcesBuildPhase section */
		7F4FC7592863EAE400557346 /* Resources */ = {
			isa = PBXResourcesBuildPhase;
			buildActionMask = 2147483647;
			files = (
				7F4FC7662863EAE700557346 /* Preview Assets.xcassets in Resources */,
				7F4FC7632863EAE700557346 /* Assets.xcassets in Resources */,
			);
			runOnlyForDeploymentPostprocessing = 0;
		};
/* End PBXResourcesBuildPhase section */

/* Begin PBXSourcesBuildPhase section */
		7F4FC7572863EAE400557346 /* Sources */ = {
			isa = PBXSourcesBuildPhase;
			buildActionMask = 2147483647;
			files = (
				7F78D4AB28646EAF00C215F3 /* ViewModel.swift in Sources */,
				7F4FC7762863FC8E00557346 /* APIRequestType.swift in Sources */,
				7F4FC7612863EAE400557346 /* ContentView.swift in Sources */,
				7F4FC7742863FC3000557346 /* APIServiceError.swift in Sources */,
				7F4DBA77286E8CF4002094B4 /* LocationModel.swift in Sources */,
				7F4FC77A28640CE300557346 /* SignListView.swift in Sources */,
				7F4FC7722863F6A900557346 /* APIService.swift in Sources */,
				7F4FC75F2863EAE400557346 /* StarSignAppApp.swift in Sources */,
				7F4FC77828640C4E00557346 /* CompassView.swift in Sources */,
				7F4FC7702863F14800557346 /* StarSignModel.swift in Sources */,
				7F7CE5C92865E99B009FFC22 /* CardView.swift in Sources */,
				7F4FC76D2863EC1500557346 /* HeadingViewModel.swift in Sources */,
			);
			runOnlyForDeploymentPostprocessing = 0;
		};
/* End PBXSourcesBuildPhase section */

/* Begin XCBuildConfiguration section */
		7F4FC7672863EAE700557346 /* Debug */ = {
			isa = XCBuildConfiguration;
			buildSettings = {
				ALWAYS_SEARCH_USER_PATHS = NO;
				CLANG_ANALYZER_NONNULL = YES;
				CLANG_ANALYZER_NUMBER_OBJECT_CONVERSION = YES_AGGRESSIVE;
				CLANG_CXX_LANGUAGE_STANDARD = "gnu++17";
				CLANG_CXX_LIBRARY = "libc++";
				CLANG_ENABLE_MODULES = YES;
				CLANG_ENABLE_OBJC_ARC = YES;
				CLANG_ENABLE_OBJC_WEAK = YES;
				CLANG_WARN_BLOCK_CAPTURE_AUTORELEASING = YES;
				CLANG_WARN_BOOL_CONVERSION = YES;
				CLANG_WARN_COMMA = YES;
				CLANG_WARN_CONSTANT_CONVERSION = YES;
				CLANG_WARN_DEPRECATED_OBJC_IMPLEMENTATIONS = YES;
				CLANG_WARN_DIRECT_OBJC_ISA_USAGE = YES_ERROR;
				CLANG_WARN_DOCUMENTATION_COMMENTS = YES;
				CLANG_WARN_EMPTY_BODY = YES;
				CLANG_WARN_ENUM_CONVERSION = YES;
				CLANG_WARN_INFINITE_RECURSION = YES;
				CLANG_WARN_INT_CONVERSION = YES;
				CLANG_WARN_NON_LITERAL_NULL_CONVERSION = YES;
				CLANG_WARN_OBJC_IMPLICIT_RETAIN_SELF = YES;
				CLANG_WARN_OBJC_LITERAL_CONVERSION = YES;
				CLANG_WARN_OBJC_ROOT_CLASS = YES_ERROR;
				CLANG_WARN_QUOTED_INCLUDE_IN_FRAMEWORK_HEADER = YES;
				CLANG_WARN_RANGE_LOOP_ANALYSIS = YES;
				CLANG_WARN_STRICT_PROTOTYPES = YES;
				CLANG_WARN_SUSPICIOUS_MOVE = YES;
				CLANG_WARN_UNGUARDED_AVAILABILITY = YES_AGGRESSIVE;
				CLANG_WARN_UNREACHABLE_CODE = YES;
				CLANG_WARN__DUPLICATE_METHOD_MATCH = YES;
				COPY_PHASE_STRIP = NO;
				DEBUG_INFORMATION_FORMAT = dwarf;
				ENABLE_STRICT_OBJC_MSGSEND = YES;
				ENABLE_TESTABILITY = YES;
				GCC_C_LANGUAGE_STANDARD = gnu11;
				GCC_DYNAMIC_NO_PIC = NO;
				GCC_NO_COMMON_BLOCKS = YES;
				GCC_OPTIMIZATION_LEVEL = 0;
				GCC_PREPROCESSOR_DEFINITIONS = (
					"DEBUG=1",
					"$(inherited)",
				);
				GCC_WARN_64_TO_32_BIT_CONVERSION = YES;
				GCC_WARN_ABOUT_RETURN_TYPE = YES_ERROR;
				GCC_WARN_UNDECLARED_SELECTOR = YES;
				GCC_WARN_UNINITIALIZED_AUTOS = YES_AGGRESSIVE;
				GCC_WARN_UNUSED_FUNCTION = YES;
				GCC_WARN_UNUSED_VARIABLE = YES;
				IPHONEOS_DEPLOYMENT_TARGET = 15.0;
				MTL_ENABLE_DEBUG_INFO = INCLUDE_SOURCE;
				MTL_FAST_MATH = YES;
				ONLY_ACTIVE_ARCH = YES;
				SDKROOT = iphoneos;
				SWIFT_ACTIVE_COMPILATION_CONDITIONS = DEBUG;
				SWIFT_OPTIMIZATION_LEVEL = "-Onone";
			};
			name = Debug;
		};
		7F4FC7682863EAE700557346 /* Release */ = {
			isa = XCBuildConfiguration;
			buildSettings = {
				ALWAYS_SEARCH_USER_PATHS = NO;
				CLANG_ANALYZER_NONNULL = YES;
				CLANG_ANALYZER_NUMBER_OBJECT_CONVERSION = YES_AGGRESSIVE;
				CLANG_CXX_LANGUAGE_STANDARD = "gnu++17";
				CLANG_CXX_LIBRARY = "libc++";
				CLANG_ENABLE_MODULES = YES;
				CLANG_ENABLE_OBJC_ARC = YES;
				CLANG_ENABLE_OBJC_WEAK = YES;
				CLANG_WARN_BLOCK_CAPTURE_AUTORELEASING = YES;
				CLANG_WARN_BOOL_CONVERSION = YES;
				CLANG_WARN_COMMA = YES;
				CLANG_WARN_CONSTANT_CONVERSION = YES;
				CLANG_WARN_DEPRECATED_OBJC_IMPLEMENTATIONS = YES;
				CLANG_WARN_DIRECT_OBJC_ISA_USAGE = YES_ERROR;
				CLANG_WARN_DOCUMENTATION_COMMENTS = YES;
				CLANG_WARN_EMPTY_BODY = YES;
				CLANG_WARN_ENUM_CONVERSION = YES;
				CLANG_WARN_INFINITE_RECURSION = YES;
				CLANG_WARN_INT_CONVERSION = YES;
				CLANG_WARN_NON_LITERAL_NULL_CONVERSION = YES;
				CLANG_WARN_OBJC_IMPLICIT_RETAIN_SELF = YES;
				CLANG_WARN_OBJC_LITERAL_CONVERSION = YES;
				CLANG_WARN_OBJC_ROOT_CLASS = YES_ERROR;
				CLANG_WARN_QUOTED_INCLUDE_IN_FRAMEWORK_HEADER = YES;
				CLANG_WARN_RANGE_LOOP_ANALYSIS = YES;
				CLANG_WARN_STRICT_PROTOTYPES = YES;
				CLANG_WARN_SUSPICIOUS_MOVE = YES;
				CLANG_WARN_UNGUARDED_AVAILABILITY = YES_AGGRESSIVE;
				CLANG_WARN_UNREACHABLE_CODE = YES;
				CLANG_WARN__DUPLICATE_METHOD_MATCH = YES;
				COPY_PHASE_STRIP = NO;
				DEBUG_INFORMATION_FORMAT = "dwarf-with-dsym";
				ENABLE_NS_ASSERTIONS = NO;
				ENABLE_STRICT_OBJC_MSGSEND = YES;
				GCC_C_LANGUAGE_STANDARD = gnu11;
				GCC_NO_COMMON_BLOCKS = YES;
				GCC_WARN_64_TO_32_BIT_CONVERSION = YES;
				GCC_WARN_ABOUT_RETURN_TYPE = YES_ERROR;
				GCC_WARN_UNDECLARED_SELECTOR = YES;
				GCC_WARN_UNINITIALIZED_AUTOS = YES_AGGRESSIVE;
				GCC_WARN_UNUSED_FUNCTION = YES;
				GCC_WARN_UNUSED_VARIABLE = YES;
				IPHONEOS_DEPLOYMENT_TARGET = 15.0;
				MTL_ENABLE_DEBUG_INFO = NO;
				MTL_FAST_MATH = YES;
				SDKROOT = iphoneos;
				SWIFT_COMPILATION_MODE = wholemodule;
				SWIFT_OPTIMIZATION_LEVEL = "-O";
				VALIDATE_PRODUCT = YES;
			};
			name = Release;
		};
		7F4FC76A2863EAE700557346 /* Debug */ = {
			isa = XCBuildConfiguration;
			buildSettings = {
				ASSETCATALOG_COMPILER_APPICON_NAME = AppIcon;
				ASSETCATALOG_COMPILER_GLOBAL_ACCENT_COLOR_NAME = AccentColor;
				CODE_SIGN_STYLE = Automatic;
				CURRENT_PROJECT_VERSION = 1;
				DEVELOPMENT_ASSET_PATHS = "\"StarSignApp/Preview Content\"";
				DEVELOPMENT_TEAM = R954NVR97H;
				ENABLE_PREVIEWS = YES;
				GENERATE_INFOPLIST_FILE = YES;
				INFOPLIST_KEY_NSLocationWhenInUseUsageDescription = "このアプリでは端末の位置情報を使用します。";
				INFOPLIST_KEY_UIApplicationSceneManifest_Generation = YES;
				INFOPLIST_KEY_UIApplicationSupportsIndirectInputEvents = YES;
				INFOPLIST_KEY_UILaunchScreen_Generation = YES;
				INFOPLIST_KEY_UISupportedInterfaceOrientations_iPad = "UIInterfaceOrientationPortrait UIInterfaceOrientationPortraitUpsideDown UIInterfaceOrientationLandscapeLeft UIInterfaceOrientationLandscapeRight";
				INFOPLIST_KEY_UISupportedInterfaceOrientations_iPhone = "UIInterfaceOrientationPortrait UIInterfaceOrientationLandscapeLeft UIInterfaceOrientationLandscapeRight";
				IPHONEOS_DEPLOYMENT_TARGET = 14.0;
				LD_RUNPATH_SEARCH_PATHS = (
					"$(inherited)",
					"@executable_path/Frameworks",
				);
				MARKETING_VERSION = 1.0;
				PRODUCT_BUNDLE_IDENTIFIER = jp.ac.jec.cm.Tunashima.SampleProject.StarSignApp;
				PRODUCT_NAME = "$(TARGET_NAME)";
				SWIFT_EMIT_LOC_STRINGS = YES;
				SWIFT_VERSION = 5.0;
				TARGETED_DEVICE_FAMILY = "1,2";
			};
			name = Debug;
		};
		7F4FC76B2863EAE700557346 /* Release */ = {
			isa = XCBuildConfiguration;
			buildSettings = {
				ASSETCATALOG_COMPILER_APPICON_NAME = AppIcon;
				ASSETCATALOG_COMPILER_GLOBAL_ACCENT_COLOR_NAME = AccentColor;
				CODE_SIGN_STYLE = Automatic;
				CURRENT_PROJECT_VERSION = 1;
				DEVELOPMENT_ASSET_PATHS = "\"StarSignApp/Preview Content\"";
				DEVELOPMENT_TEAM = R954NVR97H;
				ENABLE_PREVIEWS = YES;
				GENERATE_INFOPLIST_FILE = YES;
				INFOPLIST_KEY_NSLocationWhenInUseUsageDescription = "このアプリでは端末の位置情報を使用します。";
				INFOPLIST_KEY_UIApplicationSceneManifest_Generation = YES;
				INFOPLIST_KEY_UIApplicationSupportsIndirectInputEvents = YES;
				INFOPLIST_KEY_UILaunchScreen_Generation = YES;
				INFOPLIST_KEY_UISupportedInterfaceOrientations_iPad = "UIInterfaceOrientationPortrait UIInterfaceOrientationPortraitUpsideDown UIInterfaceOrientationLandscapeLeft UIInterfaceOrientationLandscapeRight";
				INFOPLIST_KEY_UISupportedInterfaceOrientations_iPhone = "UIInterfaceOrientationPortrait UIInterfaceOrientationLandscapeLeft UIInterfaceOrientationLandscapeRight";
				IPHONEOS_DEPLOYMENT_TARGET = 14.0;
				LD_RUNPATH_SEARCH_PATHS = (
					"$(inherited)",
					"@executable_path/Frameworks",
				);
				MARKETING_VERSION = 1.0;
				PRODUCT_BUNDLE_IDENTIFIER = jp.ac.jec.cm.Tunashima.SampleProject.StarSignApp;
				PRODUCT_NAME = "$(TARGET_NAME)";
				SWIFT_EMIT_LOC_STRINGS = YES;
				SWIFT_VERSION = 5.0;
				TARGETED_DEVICE_FAMILY = "1,2";
			};
			name = Release;
		};
/* End XCBuildConfiguration section */

/* Begin XCConfigurationList section */
		7F4FC7562863EAE400557346 /* Build configuration list for PBXProject "StarSignApp" */ = {
			isa = XCConfigurationList;
			buildConfigurations = (
				7F4FC7672863EAE700557346 /* Debug */,
				7F4FC7682863EAE700557346 /* Release */,
			);
			defaultConfigurationIsVisible = 0;
			defaultConfigurationName = Release;
		};
		7F4FC7692863EAE700557346 /* Build configuration list for PBXNativeTarget "StarSignApp" */ = {
			isa = XCConfigurationList;
			buildConfigurations = (
				7F4FC76A2863EAE700557346 /* Debug */,
				7F4FC76B2863EAE700557346 /* Release */,
			);
			defaultConfigurationIsVisible = 0;
			defaultConfigurationName = Release;
		};
/* End XCConfigurationList section */
	};
	rootObject = 7F4FC7532863EAE400557346 /* Project object */;
}
